{
    "_readme": [
        "This file locks the dependencies of your project to a known state",
        "Read more about it at http://getcomposer.org/doc/01-basic-usage.md#composer-lock-the-lock-file"
    ],
    "hash": "3532231081efd9b953855834490c87e5",
    "packages": [
        {
            "name": "symfony/process",
            "version": "2.3.x-dev",
            "target-dir": "Symfony/Component/Process",
            "source": {
                "type": "git",
                "url": "https://github.com/symfony/Process.git",
                "reference": "e35e3cea61c851ece0967d8d26b926633e65535a"
            },
            "dist": {
                "type": "zip",
                "url": "https://api.github.com/repos/symfony/Process/zipball/e35e3cea61c851ece0967d8d26b926633e65535a",
                "reference": "e35e3cea61c851ece0967d8d26b926633e65535a",
                "shasum": ""
            },
            "require": {
                "php": ">=5.3.3"
            },
            "type": "library",
            "extra": {
                "branch-alias": {
                    "dev-master": "2.3-dev"
                }
            },
            "autoload": {
                "psr-0": {
                    "Symfony\\Component\\Process\\": ""
                }
            },
            "notification-url": "https://packagist.org/downloads/",
            "license": [
                "MIT"
            ],
            "authors": [
                {
                    "name": "Fabien Potencier",
                    "email": "fabien@symfony.com"
                },
                {
                    "name": "Symfony Community",
                    "homepage": "http://symfony.com/contributors"
                }
            ],
            "description": "Symfony Process Component",
            "homepage": "http://symfony.com",
            "time": "2013-09-19 09:45:20"
        }
    ],
    "packages-dev": [
        {
            "name": "doctrine/collections",
            "version": "dev-master",
            "source": {
                "type": "git",
                "url": "https://github.com/doctrine/collections.git",
                "reference": "bcb53776a096a0c64579cc8d8ec0db62f1109fbc"
            },
            "dist": {
                "type": "zip",
                "url": "https://api.github.com/repos/doctrine/collections/zipball/bcb53776a096a0c64579cc8d8ec0db62f1109fbc",
                "reference": "bcb53776a096a0c64579cc8d8ec0db62f1109fbc",
                "shasum": ""
            },
            "require": {
                "php": ">=5.3.2"
            },
            "type": "library",
            "extra": {
                "branch-alias": {
                    "dev-master": "1.2.x-dev"
                }
            },
            "autoload": {
                "psr-0": {
                    "Doctrine\\Common\\Collections\\": "lib/"
                }
            },
            "notification-url": "https://packagist.org/downloads/",
            "license": [
                "MIT"
            ],
            "authors": [
                {
                    "name": "Jonathan Wage",
                    "email": "jonwage@gmail.com",
                    "homepage": "http://www.jwage.com/"
                },
                {
                    "name": "Guilherme Blanco",
                    "email": "guilhermeblanco@gmail.com",
                    "homepage": "http://www.instaclick.com"
                },
                {
                    "name": "Roman Borschel",
                    "email": "roman@code-factory.org"
                },
                {
                    "name": "Benjamin Eberlei",
                    "email": "kontakt@beberlei.de"
                },
                {
                    "name": "Johannes Schmitt",
                    "email": "schmittjoh@gmail.com",
                    "homepage": "http://jmsyst.com",
                    "role": "Developer of wrapped JMSSerializerBundle"
                }
            ],
            "description": "Collections Abstraction library",
            "homepage": "http://www.doctrine-project.org",
            "keywords": [
                "array",
                "collections",
                "iterator"
            ],
            "time": "2013-08-29 16:56:45"
        },
        {
            "name": "symfony/console",
            "version": "2.1.x-dev",
            "target-dir": "Symfony/Component/Console",
            "source": {
                "type": "git",
                "url": "https://github.com/symfony/Console.git",
                "reference": "a5e96b2363aca8a5400fec3bbcb3201a4b0513fb"
            },
            "dist": {
                "type": "zip",
                "url": "https://api.github.com/repos/symfony/Console/zipball/a5e96b2363aca8a5400fec3bbcb3201a4b0513fb",
                "reference": "a5e96b2363aca8a5400fec3bbcb3201a4b0513fb",
                "shasum": ""
            },
            "require": {
                "php": ">=5.3.3"
            },
            "type": "library",
            "autoload": {
                "psr-0": {
                    "Symfony\\Component\\Console": ""
                }
            },
            "notification-url": "https://packagist.org/downloads/",
            "license": [
                "MIT"
            ],
            "authors": [
                {
                    "name": "Fabien Potencier",
                    "email": "fabien@symfony.com"
                },
                {
                    "name": "Symfony Community",
                    "homepage": "http://symfony.com/contributors"
                }
            ],
            "description": "Symfony Console Component",
            "homepage": "http://symfony.com",
            "time": "2013-06-11 07:34:22"
        },
        {
            "name": "webforge/collections",
            "version": "dev-master",
            "source": {
                "type": "git",
                "url": "https://github.com/pscheit/webforge-collections.git",
                "reference": "4d9b9f02e8501c23202b3bf7262fe3cf39830466"
            },
            "dist": {
                "type": "zip",
                "url": "https://api.github.com/repos/pscheit/webforge-collections/zipball/4d9b9f02e8501c23202b3bf7262fe3cf39830466",
                "reference": "4d9b9f02e8501c23202b3bf7262fe3cf39830466",
                "shasum": ""
            },
            "require": {
                "doctrine/collections": "1.2.*@dev"
            },
            "require-dev": {
                "webforge/testplate": "1.2.*@dev"
            },
            "type": "library",
            "extra": {
                "branch-alias": {
                    "dev-master": "1.0.x-dev"
                }
            },
            "autoload": {
                "psr-0": {
                    "Webforge\\Collections": [
                        "lib/",
                        "tests/"
                    ]
                }
            },
            "notification-url": "https://packagist.org/downloads/",
            "license": [
                "MIT"
            ],
            "authors": [
                {
                    "name": "Philipp Scheit",
                    "email": "p.scheit@ps-webforge.com"
                }
            ],
            "time": "2013-07-05 11:19:08"
        },
        {
            "name": "webforge/common",
            "version": "dev-master",
            "source": {
                "type": "git",
                "url": "https://github.com/pscheit/webforge-common.git",
                "reference": "af252c9f1bec6db893f394efbf3877b06431506d"
            },
            "dist": {
                "type": "zip",
                "url": "https://api.github.com/repos/pscheit/webforge-common/zipball/af252c9f1bec6db893f394efbf3877b06431506d",
                "reference": "af252c9f1bec6db893f394efbf3877b06431506d",
                "shasum": ""
            },
            "require": {
                "ext-mbstring": "*",
                "php": ">=5.3.2",
                "symfony/console": "2.1.*@stable",
                "webforge/collections": "1.0.*@dev"
            },
            "require-dev": {
                "mikey179/vfsstream": "1.3.*@dev",
                "webforge/testplate": "1.2.*@dev"
            },
            "type": "library",
            "extra": {
                "branch-alias": {
                    "dev-master": "1.2.x-dev"
                }
            },
            "autoload": {
                "psr-0": {
                    "Webforge\\Common": [
                        "lib/",
                        "tests/"
                    ]
                }
            },
            "notification-url": "https://packagist.org/downloads/",
            "license": [
                "LGPL-3.0"
            ],
            "authors": [
                {
                    "name": "Philipp Scheit",
                    "email": "p.scheit@ps-webforge.com"
                }
            ],
            "description": "Boilerplate for Webforge and Psc - CMS",
            "homepage": "http://github.com/pscheit/webforge-common",
            "keywords": [
                "framework"
            ],
            "time": "2013-09-29 11:56:00"
        },
        {
            "name": "webforge/testplate",
            "version": "dev-master",
            "source": {
                "type": "git",
                "url": "https://github.com/pscheit/webforge-testplate.git",
                "reference": "8dc082b2d8dbdf58d09e7f5d5abb1db88610b32f"
            },
            "dist": {
                "type": "zip",
                "url": "https://api.github.com/repos/pscheit/webforge-testplate/zipball/8dc082b2d8dbdf58d09e7f5d5abb1db88610b32f",
                "reference": "8dc082b2d8dbdf58d09e7f5d5abb1db88610b32f",
                "shasum": ""
            },
            "require": {
                "webforge/common": ">=1.1@dev"
            },
            "require-dev": {
                "guzzle/guzzle": "3.5.*",
                "webforge/translation": "1.1.*@dev",
                "webforge/webforge": "1.4.*@dev"
            },
            "suggest": {
                "guzzle/guzzle": "Needed for the GuzzleTester",
                "mockery/mockery": "Better replacement for PHPUnits mock library"
            },
            "type": "library",
            "extra": {
                "branch-alias": {
                    "dev-master": "1.3.x-dev"
                }
            },
            "autoload": {
                "psr-0": {
                    "Webforge\\Code\\Test": [
                        "lib/",
                        "tests/"
                    ],
                    "Webforge\\Common": [
                        "D:\\www\\webforge-common\\lib"
                    ]
                }
            },
            "notification-url": "https://packagist.org/downloads/",
            "license": [
                "MIT"
            ],
            "authors": [
                {
                    "name": "Philipp Scheit",
                    "email": "p.scheit@ps-webforge.com"
                }
            ],
            "description": "Testplate for webforge for base testcases",
            "time": "2013-09-29 11:58:19"
        }
    ],
    "aliases": [

    ],
    "minimum-stability": "dev",
    "stability-flags": [

    ],
    "platform": [

    ],
    "platform-dev": [

    ]
}
